
Microsoft Visual Studio Solution File, Format Version 12.00
# Visual Studio Version 16
VisualStudioVersion = 16.0.31005.135
MinimumVisualStudioVersion = 10.0.40219.1
Project("{FAE04EC0-301F-11D3-BF4B-00C04F79EFBC}") = "WindowsFormsApp11", "WindowsFormsApp11\WindowsFormsApp11.csproj", "{27EBBA20-D473-4C45-B6DF-9900895F4FE1}"
EndProject
Global
	GlobalSection(SolutionConfigurationPlatforms) = preSolution
		Debug|Any CPU = Debug|Any CPU
		Release|Any CPU = Release|Any CPU
	EndGlobalSection
	GlobalSection(ProjectConfigurationPlatforms) = postSolution
		{27EBBA20-D473-4C45-B6DF-9900895F4FE1}.Debug|Any CPU.ActiveCfg = Debug|Any CPU
		{27EBBA20-D473-4C45-B6DF-9900895F4FE1}.Debug|Any CPU.Build.0 = Debug|Any CPU
		{27EBBA20-D473-4C45-B6DF-9900895F4FE1}.Release|Any CPU.ActiveCfg = Release|Any CPU
		{27EBBA20-D473-4C45-B6DF-9900895F4FE1}.Release|Any CPU.Build.0 = Release|Any CPU
	EndGlobalSection
	GlobalSection(SolutionProperties) = preSolution
		HideSolutionNode = FALSE
	EndGlobalSection
	GlobalSection(ExtensibilityGlobals) = postSolution
		SolutionGuid = {56830341-C6C5-4FF4-8C2B-A9AFD8925C27}
	EndGlobalSection
EndGlobal
